Microsoft Visual Studio Solution File, Format Version 12.00
# Visual Studio Version 17
VisualStudioVersion = 17.5.2.0
MinimumVisualStudioVersion = 10.0.40219.1
Project("{FAE04EC0-301F-11D3-BF4B-00C04F79EFBC}") = "MinArrayTwo", "MinArrayTwo.csproj", "{630BE0B5-24CA-E25B-C263-E10FDF60026C}"
EndProject
Global
	GlobalSection(SolutionConfigurationPlatforms) = preSolution
		Debug|Any CPU = Debug|Any CPU
		Release|Any CPU = Release|Any CPU
	EndGlobalSection
	GlobalSection(ProjectConfigurationPlatforms) = postSolution
		{630BE0B5-24CA-E25B-C263-E10FDF60026C}.Debug|Any CPU.ActiveCfg = Debug|Any CPU
		{630BE0B5-24CA-E25B-C263-E10FDF60026C}.Debug|Any CPU.Build.0 = Debug|Any CPU
		{630BE0B5-24CA-E25B-C263-E10FDF60026C}.Release|Any CPU.ActiveCfg = Release|Any CPU
		{630BE0B5-24CA-E25B-C263-E10FDF60026C}.Release|Any CPU.Build.0 = Release|Any CPU
	EndGlobalSection
	GlobalSection(SolutionProperties) = preSolution
		HideSolutionNode = FALSE
	EndGlobalSection
	GlobalSection(ExtensibilityGlobals) = postSolution
		SolutionGuid = {89FB3E9D-8288-4EBB-9BFC-F0E565642F80}
	EndGlobalSection
EndGlobal
